github.com/dustin/go-humanize v1.0.0 h1:VSnTsYCnlFHaM2/igO1h6X3HA71jcobQuxemgkq4zYo=
github.com/dustin/go-humanize v1.0.0/go.mod h1:HtrtbFcZ19U5GC7JDqmcUSB87Iq5E25KnS6fMYU6eOk=
github.com/moby/buildkit v0.3.3 h1:7eh9tOdFSuE84Q5wvmUjXhEvqnO7nNiwja45Hr59+uc=
github.com/moby/buildkit v0.3.3/go.mod h1:nnELdKPRkUAQR6pAB3mRU3+IlbqL3SSaAWqQL8k/K+4=
github.com/orisano/dlayer v0.0.0-20190108145301-cebb2fb1d185 h1:XY6UhZhExLJJdW4zJXLS2kbDOVGYRmLqi4l+3//Lhfc=
github.com/orisano/dlayer v0.0.0-20190108145301-cebb2fb1d185/go.mod h1:wWM2KcQmOcAcX5jZuG7zcTfhRhvHWOITl3clBYLS6As=
github.com/orisano/minid v0.0.0-20190113130345-ec5735ee9508 h1:nKz++jhplrFbDkU6v1u8QqnIvssfwqsJNAcyUs2JM0o=
github.com/orisano/minid v0.0.0-20190113130345-ec5735ee9508/go.mod h1:Ui7bC+G08TwQeTOI2+7Jca6qdXfkqNZ8kEyLg2znrVU=
github.com/pkg/errors v0.8.1 h1:iURUrRGxPUNPdy5/HRSm+Yj6okJ6UtLINN0Q9M4+h3I=
github.com/pkg/errors v0.8.1/go.mod h1:bwawxfHBFNV+L2hUp1rHADufV3IMtnDRdf1r5NINEl0=
mvdan.cc/sh v2.6.3+incompatible h1:uXnnFNSBQbKUwwh2iBSkVjG+GbwoMuI+UmBVPnNiWhA=
mvdan.cc/sh v2.6.3+incompatible/go.mod h1:IeeQbZq+x2SUGBensq/jge5lLQbS3XT2ktyp3wrt4x8=
