# THIS IS AN AUTOGENERATED FILE. DO NOT EDIT THIS FILE DIRECTLY.
# yarn lockfile v1


nan@^2.14.1, nan@^2.14.2:
  version "2.14.2"
  resolved "https://registry.yarnpkg.com/nan/-/nan-2.14.2.tgz#f5376400695168f4cc694ac9393d0c9585eeea19"
  integrity sha512-M2ufzIiINKCuDfBSAUr1vWQ+vuVcA9kqx8JJUsbQi6yf1uGRyb7HfpdfUr5qLXf3B/t8dPvcjhKMmlfnP47EzQ==

tree-sitter-cli@^0.19.2:
  version "0.19.2"
  resolved "https://registry.yarnpkg.com/tree-sitter-cli/-/tree-sitter-cli-0.19.2.tgz#a2bd0e5763df73b1d30f4db2ec26aafed6a586b4"
  integrity sha512-Ykmza3kS9QmPOkpNikKXR5c3IwPhTCrWj+Okj9vVilrPlR1gFlgnjoKWoX2aTDW8ODFKsT0KqFRm1Ey4+xvTxg==

tree-sitter-json@^0.19.0:
  version "0.19.0"
  resolved "https://registry.yarnpkg.com/tree-sitter-json/-/tree-sitter-json-0.19.0.tgz#5c7ebfbb050c63df3fcaa470bd3527b3ee21ecb1"
  integrity sha512-XospLJCiv/xTS6n4llBhXGCEDvnt30oEZr1Eo7qD9YgMJgEmjhQ/036Qx5kclB21CrP6CLWVudgjQZZ4LAMG8A==
  dependencies:
    nan "^2.14.1"
